// !$*UTF8*$!
{
	archiveVersion = 1;
	classes = {
	};
	objectVersion = 50;
	objects = {

/* Begin PBXBuildFile section */
		A455DCBD2294E9A30041EC58 /* AppDelegate.swift in Sources */ = {isa = PBXBuildFile; fileRef = A455DCBC2294E9A30041EC58 /* AppDelegate.swift */; };
		A455DCBF2294E9A30041EC58 /* ViewController.swift in Sources */ = {isa = PBXBuildFile; fileRef = A455DCBE2294E9A30041EC58 /* ViewController.swift */; };
		A455DCC22294E9A30041EC58 /* Main.storyboard in Resources */ = {isa = PBXBuildFile; fileRef = A455DCC02294E9A30041EC58 /* Main.storyboard */; };
		A455DCC42294E9A40041EC58 /* Assets.xcassets in Resources */ = {isa = PBXBuildFile; fileRef = A455DCC32294E9A40041EC58 /* Assets.xcassets */; };
		A455DCC72294E9A40041EC58 /* LaunchScreen.storyboard in Resources */ = {isa = PBXBuildFile; fileRef = A455DCC52294E9A40041EC58 /* LaunchScreen.storyboard */; };
		A455DCD12294EEDE0041EC58 /* NoteModel.swift in Sources */ = {isa = PBXBuildFile; fileRef = A455DCD02294EEDE0041EC58 /* NoteModel.swift */; };
		A455DCD3229517340041EC58 /* NoteListCell.swift in Sources */ = {isa = PBXBuildFile; fileRef = A455DCD2229517340041EC58 /* NoteListCell.swift */; };
/* End PBXBuildFile section */

/* Begin PBXFileReference section */
		A455DCB92294E9A30041EC58 /* MyNoteList.app */ = {isa = PBXFileReference; explicitFileType = wrapper.application; includeInIndex = 0; path = MyNoteList.app; sourceTree = BUILT_PRODUCTS_DIR; };
		A455DCBC2294E9A30041EC58 /* AppDelegate.swift */ = {isa = PBXFileReference; lastKnownFileType = sourcecode.swift; path = AppDelegate.swift; sourceTree = "<group>"; };
		A455DCBE2294E9A30041EC58 /* ViewController.swift */ = {isa = PBXFileReference; lastKnownFileType = sourcecode.swift; path = ViewController.swift; sourceTree = "<group>"; };
		A455DCC12294E9A30041EC58 /* Base */ = {isa = PBXFileReference; lastKnownFileType = file.storyboard; name = Base; path = Base.lproj/Main.storyboard; sourceTree = "<group>"; };
		A455DCC32294E9A40041EC58 /* Assets.xcassets */ = {isa = PBXFileReference; lastKnownFileType = folder.assetcatalog; path = Assets.xcassets; sourceTree = "<group>"; };
		A455DCC62294E9A40041EC58 /* Base */ = {isa = PBXFileReference; lastKnownFileType = file.storyboard; name = Base; path = Base.lproj/LaunchScreen.storyboard; sourceTree = "<group>"; };
		A455DCC82294E9A40041EC58 /* Info.plist */ = {isa = PBXFileReference; lastKnownFileType = text.plist.xml; path = Info.plist; sourceTree = "<group>"; };
		A455DCD02294EEDE0041EC58 /* NoteModel.swift */ = {isa = PBXFileReference; lastKnownFileType = sourcecode.swift; path = NoteModel.swift; sourceTree = "<group>"; };
		A455DCD2229517340041EC58 /* NoteListCell.swift */ = {isa = PBXFileReference; lastKnownFileType = sourcecode.swift; path = NoteListCell.swift; sourceTree = "<group>"; };
/* End PBXFileReference section */

/* Begin PBXFrameworksBuildPhase section */
		A455DCB62294E9A30041EC58 /* Frameworks */ = {
			isa = PBXFrameworksBuildPhase;
			buildActionMask = 2147483647;
			files = (
			);
			runOnlyForDeploymentPostprocessing = 0;
		};
/* End PBXFrameworksBuildPhase section */

/* Begin PBXGroup section */
		A455DCB02294E9A30041EC58 = {
			isa = PBXGroup;
			children = (
				A455DCBB2294E9A30041EC58 /* MyNoteList */,
				A455DCBA2294E9A30041EC58 /* Products */,
			);
			sourceTree = "<group>";
		};
		A455DCBA2294E9A30041EC58 /* Products */ = {
			isa = PBXGroup;
			children = (
				A455DCB92294E9A30041EC58 /* MyNoteList.app */,
			);
			name = Products;
			sourceTree = "<group>";
		};
		A455DCBB2294E9A30041EC58 /* MyNoteList */ = {
			isa = PBXGroup;
			children = (
				A455DCBC2294E9A30041EC58 /* AppDelegate.swift */,
				A455DCBE2294E9A30041EC58 /* ViewController.swift */,
				A455DCD02294EEDE0041EC58 /* NoteModel.swift */,
				A455DCD2229517340041EC58 /* NoteListCell.swift */,
				A455DCC02294E9A30041EC58 /* Main.storyboard */,
				A455DCC32294E9A40041EC58 /* Assets.xcassets */,
				A455DCC52294E9A40041EC58 /* LaunchScreen.storyboard */,
				A455DCC82294E9A40041EC58 /* Info.plist */,
			);
			path = MyNoteList;
			sourceTree = "<group>";
		};
/* End PBXGroup section */

/* Begin PBXNativeTarget section */
		A455DCB82294E9A30041EC58 /* MyNoteList */ = {
			isa = PBXNativeTarget;
			buildConfigurationList = A455DCCB2294E9A40041EC58 /* Build configuration list for PBXNativeTarget "MyNoteList" */;
			buildPhases = (
				A455DCB52294E9A30041EC58 /* Sources */,
				A455DCB62294E9A30041EC58 /* Frameworks */,
				A455DCB72294E9A30041EC58 /* Resources */,
			);
			buildRules = (
			);
			dependencies = (
			);
			name = MyNoteList;
			productName = MyNoteList;
			productReference = A455DCB92294E9A30041EC58 /* MyNoteList.app */;
			productType = "com.apple.product-type.application";
		};
/* End PBXNativeTarget section */

/* Begin PBXProject section */
		A455DCB12294E9A30041EC58 /* Project object */ = {
			isa = PBXProject;
			attributes = {
				LastSwiftUpdateCheck = 1020;
				LastUpgradeCheck = 1020;
				ORGANIZATIONNAME = zhaohui;
				TargetAttributes = {
					A455DCB82294E9A30041EC58 = {
						CreatedOnToolsVersion = 10.2.1;
					};
				};
			};
			buildConfigurationList = A455DCB42294E9A30041EC58 /* Build configuration list for PBXProject "MyNoteList" */;
			compatibilityVersion = "Xcode 9.3";
			developmentRegion = en;
			hasScannedForEncodings = 0;
			knownRegions = (
				en,
				Base,
			);
			mainGroup = A455DCB02294E9A30041EC58;
			productRefGroup = A455DCBA2294E9A30041EC58 /* Products */;
			projectDirPath = "";
			projectRoot = "";
			targets = (
				A455DCB82294E9A30041EC58 /* MyNoteList */,
			);
		};
/* End PBXProject section */

/* Begin PBXResourcesBuildPhase section */
		A455DCB72294E9A30041EC58 /* Resources */ = {
			isa = PBXResourcesBuildPhase;
			buildActionMask = 2147483647;
			files = (
				A455DCC72294E9A40041EC58 /* LaunchScreen.storyboard in Resources */,
				A455DCC42294E9A40041EC58 /* Assets.xcassets in Resources */,
				A455DCC22294E9A30041EC58 /* Main.storyboard in Resources */,
			);
			runOnlyForDeploymentPostprocessing = 0;
		};
/* End PBXResourcesBuildPhase section */

/* Begin PBXSourcesBuildPhase section */
		A455DCB52294E9A30041EC58 /* Sources */ = {
			isa = PBXSourcesBuildPhase;
			buildActionMask = 2147483647;
			files = (
				A455DCBF2294E9A30041EC58 /* ViewController.swift in Sources */,
				A455DCD12294EEDE0041EC58 /* NoteModel.swift in Sources */,
				A455DCBD2294E9A30041EC58 /* AppDelegate.swift in Sources */,
				A455DCD3229517340041EC58 /* NoteListCell.swift in Sources */,
			);
			runOnlyForDeploymentPostprocessing = 0;
		};
/* End PBXSourcesBuildPhase section */

/* Begin PBXVariantGroup section */
		A455DCC02294E9A30041EC58 /* Main.storyboard */ = {
			isa = PBXVariantGroup;
			children = (
				A455DCC12294E9A30041EC58 /* Base */,
			);
			name = Main.storyboard;
			sourceTree = "<group>";
		};
		A455DCC52294E9A40041EC58 /* LaunchScreen.storyboard */ = {
			isa = PBXVariantGroup;
			children = (
				A455DCC62294E9A40041EC58 /* Base */,
			);
			name = LaunchScreen.storyboard;
			sourceTree = "<group>";
		};
/* End PBXVariantGroup section */

/* Begin XCBuildConfiguration section */
		A455DCC92294E9A40041EC58 /* Debug */ = {
			isa = XCBuildConfiguration;
			buildSettings = {
				ALWAYS_SEARCH_USER_PATHS = NO;
				CLANG_ANALYZER_NONNULL = YES;
				CLANG_ANALYZER_NUMBER_OBJECT_CONVERSION = YES_AGGRESSIVE;
				CLANG_CXX_LANGUAGE_STANDARD = "gnu++14";
				CLANG_CXX_LIBRARY = "libc++";
				CLANG_ENABLE_MODULES = YES;
				CLANG_ENABLE_OBJC_ARC = YES;
				CLANG_ENABLE_OBJC_WEAK = YES;
				CLANG_WARN_BLOCK_CAPTURE_AUTORELEASING = YES;
				CLANG_WARN_BOOL_CONVERSION = YES;
				CLANG_WARN_COMMA = YES;
				CLANG_WARN_CONSTANT_CONVERSION = YES;
				CLANG_WARN_DEPRECATED_OBJC_IMPLEMENTATIONS = YES;
				CLANG_WARN_DIRECT_OBJC_ISA_USAGE = YES_ERROR;
				CLANG_WARN_DOCUMENTATION_COMMENTS = YES;
				CLANG_WARN_EMPTY_BODY = YES;
				CLANG_WARN_ENUM_CONVERSION = YES;
				CLANG_WARN_INFINITE_RECURSION = YES;
				CLANG_WARN_INT_CONVERSION = YES;
				CLANG_WARN_NON_LITERAL_NULL_CONVERSION = YES;
				CLANG_WARN_OBJC_IMPLICIT_RETAIN_SELF = YES;
				CLANG_WARN_OBJC_LITERAL_CONVERSION = YES;
				CLANG_WARN_OBJC_ROOT_CLASS = YES_ERROR;
				CLANG_WARN_RANGE_LOOP_ANALYSIS = YES;
				CLANG_WARN_STRICT_PROTOTYPES = YES;
				CLANG_WARN_SUSPICIOUS_MOVE = YES;
				CLANG_WARN_UNGUARDED_AVAILABILITY = YES_AGGRESSIVE;
				CLANG_WARN_UNREACHABLE_CODE = YES;
				CLANG_WARN__DUPLICATE_METHOD_MATCH = YES;
				CODE_SIGN_IDENTITY = "iPhone Developer";
				COPY_PHASE_STRIP = NO;
				DEBUG_INFORMATION_FORMAT = dwarf;
				ENABLE_STRICT_OBJC_MSGSEND = YES;
				ENABLE_TESTABILITY = YES;
				GCC_C_LANGUAGE_STANDARD = gnu11;
				GCC_DYNAMIC_NO_PIC = NO;
				GCC_NO_COMMON_BLOCKS = YES;
				GCC_OPTIMIZATION_LEVEL = 0;
				GCC_PREPROCESSOR_DEFINITIONS = (
					"DEBUG=1",
					"$(inherited)",
				);
				GCC_WARN_64_TO_32_BIT_CONVERSION = YES;
				GCC_WARN_ABOUT_RETURN_TYPE = YES_ERROR;
				GCC_WARN_UNDECLARED_SELECTOR = YES;
				GCC_WARN_UNINITIALIZED_AUTOS = YES_AGGRESSIVE;
				GCC_WARN_UNUSED_FUNCTION = YES;
				GCC_WARN_UNUSED_VARIABLE = YES;
				IPHONEOS_DEPLOYMENT_TARGET = 12.2;
				MTL_ENABLE_DEBUG_INFO = INCLUDE_SOURCE;
				MTL_FAST_MATH = YES;
				ONLY_ACTIVE_ARCH = YES;
				SDKROOT = iphoneos;
				SWIFT_ACTIVE_COMPILATION_CONDITIONS = DEBUG;
				SWIFT_OPTIMIZATION_LEVEL = "-Onone";
			};
			name = Debug;
		};
		A455DCCA2294E9A40041EC58 /* Release */ = {
			isa = XCBuildConfiguration;
			buildSettings = {
				ALWAYS_SEARCH_USER_PATHS = NO;
				CLANG_ANALYZER_NONNULL = YES;
				CLANG_ANALYZER_NUMBER_OBJECT_CONVERSION = YES_AGGRESSIVE;
				CLANG_CXX_LANGUAGE_STANDARD = "gnu++14";
				CLANG_CXX_LIBRARY = "libc++";
				CLANG_ENABLE_MODULES = YES;
				CLANG_ENABLE_OBJC_ARC = YES;
				CLANG_ENABLE_OBJC_WEAK = YES;
				CLANG_WARN_BLOCK_CAPTURE_AUTORELEASING = YES;
				CLANG_WARN_BOOL_CONVERSION = YES;
				CLANG_WARN_COMMA = YES;
				CLANG_WARN_CONSTANT_CONVERSION = YES;
				CLANG_WARN_DEPRECATED_OBJC_IMPLEMENTATIONS = YES;
				CLANG_WARN_DIRECT_OBJC_ISA_USAGE = YES_ERROR;
				CLANG_WARN_DOCUMENTATION_COMMENTS = YES;
				CLANG_WARN_EMPTY_BODY = YES;
				CLANG_WARN_ENUM_CONVERSION = YES;
				CLANG_WARN_INFINITE_RECURSION = YES;
				CLANG_WARN_INT_CONVERSION = YES;
				CLANG_WARN_NON_LITERAL_NULL_CONVERSION = YES;
				CLANG_WARN_OBJC_IMPLICIT_RETAIN_SELF = YES;
				CLANG_WARN_OBJC_LITERAL_CONVERSION = YES;
				CLANG_WARN_OBJC_ROOT_CLASS = YES_ERROR;
				CLANG_WARN_RANGE_LOOP_ANALYSIS = YES;
				CLANG_WARN_STRICT_PROTOTYPES = YES;
				CLANG_WARN_SUSPICIOUS_MOVE = YES;
				CLANG_WARN_UNGUARDED_AVAILABILITY = YES_AGGRESSIVE;
				CLANG_WARN_UNREACHABLE_CODE = YES;
				CLANG_WARN__DUPLICATE_METHOD_MATCH = YES;
				CODE_SIGN_IDENTITY = "iPhone Developer";
				COPY_PHASE_STRIP = NO;
				DEBUG_INFORMATION_FORMAT = "dwarf-with-dsym";
				ENABLE_NS_ASSERTIONS = NO;
				ENABLE_STRICT_OBJC_MSGSEND = YES;
				GCC_C_LANGUAGE_STANDARD = gnu11;
				GCC_NO_COMMON_BLOCKS = YES;
				GCC_WARN_64_TO_32_BIT_CONVERSION = YES;
				GCC_WARN_ABOUT_RETURN_TYPE = YES_ERROR;
				GCC_WARN_UNDECLARED_SELECTOR = YES;
				GCC_WARN_UNINITIALIZED_AUTOS = YES_AGGRESSIVE;
				GCC_WARN_UNUSED_FUNCTION = YES;
				GCC_WARN_UNUSED_VARIABLE = YES;
				IPHONEOS_DEPLOYMENT_TARGET = 12.2;
				MTL_ENABLE_DEBUG_INFO = NO;
				MTL_FAST_MATH = YES;
				SDKROOT = iphoneos;
				SWIFT_COMPILATION_MODE = wholemodule;
				SWIFT_OPTIMIZATION_LEVEL = "-O";
				VALIDATE_PRODUCT = YES;
			};
			name = Release;
		};
		A455DCCC2294E9A40041EC58 /* Debug */ = {
			isa = XCBuildConfiguration;
			buildSettings = {
				ASSETCATALOG_COMPILER_APPICON_NAME = AppIcon;
				CODE_SIGN_STYLE = Automatic;
				DEVELOPMENT_TEAM = V4U98T873F;
				INFOPLIST_FILE = MyNoteList/Info.plist;
				LD_RUNPATH_SEARCH_PATHS = (
					"$(inherited)",
					"@executable_path/Frameworks",
				);
				PRODUCT_BUNDLE_IDENTIFIER = com.toutiao.MyNoteList;
				PRODUCT_NAME = "$(TARGET_NAME)";
				SWIFT_VERSION = 5.0;
				TARGETED_DEVICE_FAMILY = "1,2";
			};
			name = Debug;
		};
		A455DCCD2294E9A40041EC58 /* Release */ = {
			isa = XCBuildConfiguration;
			buildSettings = {
				ASSETCATALOG_COMPILER_APPICON_NAME = AppIcon;
				CODE_SIGN_STYLE = Automatic;
				DEVELOPMENT_TEAM = V4U98T873F;
				INFOPLIST_FILE = MyNoteList/Info.plist;
				LD_RUNPATH_SEARCH_PATHS = (
					"$(inherited)",
					"@executable_path/Frameworks",
				);
				PRODUCT_BUNDLE_IDENTIFIER = com.toutiao.MyNoteList;
				PRODUCT_NAME = "$(TARGET_NAME)";
				SWIFT_VERSION = 5.0;
				TARGETED_DEVICE_FAMILY = "1,2";
			};
			name = Release;
		};
/* End XCBuildConfiguration section */

/* Begin XCConfigurationList section */
		A455DCB42294E9A30041EC58 /* Build configuration list for PBXProject "MyNoteList" */ = {
			isa = XCConfigurationList;
			buildConfigurations = (
				A455DCC92294E9A40041EC58 /* Debug */,
				A455DCCA2294E9A40041EC58 /* Release */,
			);
			defaultConfigurationIsVisible = 0;
			defaultConfigurationName = Release;
		};
		A455DCCB2294E9A40041EC58 /* Build configuration list for PBXNativeTarget "MyNoteList" */ = {
			isa = XCConfigurationList;
			buildConfigurations = (
				A455DCCC2294E9A40041EC58 /* Debug */,
				A455DCCD2294E9A40041EC58 /* Release */,
			);
			defaultConfigurationIsVisible = 0;
			defaultConfigurationName = Release;
		};
/* End XCConfigurationList section */
	};
	rootObject = A455DCB12294E9A30041EC58 /* Project object */;
}
